
Microsoft Visual Studio Solution File, Format Version 12.00
# Visual Studio Version 17
VisualStudioVersion = 17.11.35222.181
MinimumVisualStudioVersion = 10.0.40219.1
Project("{FAE04EC0-301F-11D3-BF4B-00C04F79EFBC}") = "CurrencyExhangerWPF", "CurrencyExhangerWPF\CurrencyExhangerWPF.csproj", "{870E19F5-5F43-45BE-9750-7E37AAA1B5E9}"
EndProject
Global
	GlobalSection(SolutionConfigurationPlatforms) = preSolution
		Debug|Any CPU = Debug|Any CPU
		Release|Any CPU = Release|Any CPU
	EndGlobalSection
	GlobalSection(ProjectConfigurationPlatforms) = postSolution
		{870E19F5-5F43-45BE-9750-7E37AAA1B5E9}.Debug|Any CPU.ActiveCfg = Debug|Any CPU
		{870E19F5-5F43-45BE-9750-7E37AAA1B5E9}.Debug|Any CPU.Build.0 = Debug|Any CPU
		{870E19F5-5F43-45BE-9750-7E37AAA1B5E9}.Release|Any CPU.ActiveCfg = Release|Any CPU
		{870E19F5-5F43-45BE-9750-7E37AAA1B5E9}.Release|Any CPU.Build.0 = Release|Any CPU
	EndGlobalSection
	GlobalSection(SolutionProperties) = preSolution
		HideSolutionNode = FALSE
	EndGlobalSection
	GlobalSection(ExtensibilityGlobals) = postSolution
		SolutionGuid = {CC826680-12BF-4252-BE5F-B9A654F03588}
	EndGlobalSection
EndGlobal
